
Microsoft Visual Studio Solution File, Format Version 11.00
# Visual C# Express 2010
Project("{FAE04EC0-301F-11D3-BF4B-00C04F79EFBC}") = "RegexpPracticeApp", "RegexpPracticeApp\RegexpPracticeApp.csproj", "{8E4B3B6A-E63A-4D9D-9418-693CC657FD15}"
EndProject
Global
	GlobalSection(SolutionConfigurationPlatforms) = preSolution
		Debug|x86 = Debug|x86
		Release|x86 = Release|x86
	EndGlobalSection
	GlobalSection(ProjectConfigurationPlatforms) = postSolution
		{8E4B3B6A-E63A-4D9D-9418-693CC657FD15}.Debug|x86.ActiveCfg = Debug|x86
		{8E4B3B6A-E63A-4D9D-9418-693CC657FD15}.Debug|x86.Build.0 = Debug|x86
		{8E4B3B6A-E63A-4D9D-9418-693CC657FD15}.Release|x86.ActiveCfg = Release|x86
		{8E4B3B6A-E63A-4D9D-9418-693CC657FD15}.Release|x86.Build.0 = Release|x86
	EndGlobalSection
	GlobalSection(SolutionProperties) = preSolution
		HideSolutionNode = FALSE
	EndGlobalSection
EndGlobal
